// !$*UTF8*$!
{
	archiveVersion = 1;
	classes = {
	};
	objectVersion = 48;
	objects = {

/* Begin PBXBuildFile section */
		34EDB16B0B81F193615E7AFF /* Pods_Park_.framework in Frameworks */ = {isa = PBXBuildFile; fileRef = 6D5F5E147AF90C65D6DC222D /* Pods_Park_.framework */; };
		8816DEEA205AB0DA00CC8219 /* ParkingSpace.swift in Sources */ = {isa = PBXBuildFile; fileRef = 8816DEE9205AB0DA00CC8219 /* ParkingSpace.swift */; };
		8816DEEC205ABF6600CC8219 /* ParkingLot.swift in Sources */ = {isa = PBXBuildFile; fileRef = 8816DEEB205ABF6600CC8219 /* ParkingLot.swift */; };
		8816DEEE205ABF7200CC8219 /* Orders.swift in Sources */ = {isa = PBXBuildFile; fileRef = 8816DEED205ABF7200CC8219 /* Orders.swift */; };
		88180E9A2062592E00A64A83 /* HomePageViewController.swift in Sources */ = {isa = PBXBuildFile; fileRef = 88180E992062592E00A64A83 /* HomePageViewController.swift */; };
		881F91CC20722A7200DA0727 /* OrderDetailViewController.swift in Sources */ = {isa = PBXBuildFile; fileRef = 881F91CB20722A7200DA0727 /* OrderDetailViewController.swift */; };
		881F91D320722D7400DA0727 /* QRCodeReader.swift in Sources */ = {isa = PBXBuildFile; fileRef = 881F91CE20722D7400DA0727 /* QRCodeReader.swift */; };
		881F91D420722D7500DA0727 /* QRCodeReaderView.xib in Resources */ = {isa = PBXBuildFile; fileRef = 881F91CF20722D7400DA0727 /* QRCodeReaderView.xib */; };
		881F91D520722D7500DA0727 /* QRCodeReader.xcassets in Resources */ = {isa = PBXBuildFile; fileRef = 881F91D020722D7400DA0727 /* QRCodeReader.xcassets */; };
		881F91D620722D7500DA0727 /* QRCodeReaderView.swift in Sources */ = {isa = PBXBuildFile; fileRef = 881F91D120722D7400DA0727 /* QRCodeReaderView.swift */; };
		881F91D720722D7500DA0727 /* QRCodeViewController.swift in Sources */ = {isa = PBXBuildFile; fileRef = 881F91D220722D7400DA0727 /* QRCodeViewController.swift */; };
		8834B83F2057708600D22E31 /* LoginViewController.swift in Sources */ = {isa = PBXBuildFile; fileRef = 8834B83E2057708600D22E31 /* LoginViewController.swift */; };
		8834B8412057709400D22E31 /* WelcomeViewController.swift in Sources */ = {isa = PBXBuildFile; fileRef = 8834B8402057709400D22E31 /* WelcomeViewController.swift */; };
		8834B8432057713700D22E31 /* LandingViewController.swift in Sources */ = {isa = PBXBuildFile; fileRef = 8834B8422057713700D22E31 /* LandingViewController.swift */; };
		8834B8452057756D00D22E31 /* Helper Files.swift in Sources */ = {isa = PBXBuildFile; fileRef = 8834B8442057756D00D22E31 /* Helper Files.swift */; };
		8834B848205778EA00D22E31 /* Users.swift in Sources */ = {isa = PBXBuildFile; fileRef = 8834B847205778EA00D22E31 /* Users.swift */; };
		8834B84E20581DDE00D22E31 /* ParkTableViewController.swift in Sources */ = {isa = PBXBuildFile; fileRef = 8834B84D20581DDE00D22E31 /* ParkTableViewController.swift */; };
		8834B853205A4AF500D22E31 /* AccountTableViewCell.swift in Sources */ = {isa = PBXBuildFile; fileRef = 8834B852205A4AF500D22E31 /* AccountTableViewCell.swift */; };
		8834B855205A58EB00D22E31 /* AccountInfoViewController.swift in Sources */ = {isa = PBXBuildFile; fileRef = 8834B854205A58EB00D22E31 /* AccountInfoViewController.swift */; };
		8834B857205B931A00D22E31 /* AddParkSpaceViewController.swift in Sources */ = {isa = PBXBuildFile; fileRef = 8834B856205B931A00D22E31 /* AddParkSpaceViewController.swift */; };
		8834B859205BB0BB00D22E31 /* HomePageTableViewCell.swift in Sources */ = {isa = PBXBuildFile; fileRef = 8834B858205BB0BB00D22E31 /* HomePageTableViewCell.swift */; };
		8834B85B205BB4FD00D22E31 /* HomeTableViewCell.swift in Sources */ = {isa = PBXBuildFile; fileRef = 8834B85A205BB4FD00D22E31 /* HomeTableViewCell.swift */; };
		883B099E2074B740001EAB2B /* AppleProductViewController.swift in Sources */ = {isa = PBXBuildFile; fileRef = 883B099C2074B740001EAB2B /* AppleProductViewController.swift */; };
		883B099F2074B740001EAB2B /* AppleHomePage.storyboard in Resources */ = {isa = PBXBuildFile; fileRef = 883B099D2074B740001EAB2B /* AppleHomePage.storyboard */; };
		883B09A62074BC50001EAB2B /* CityGuide.storyboard in Resources */ = {isa = PBXBuildFile; fileRef = 883B09A12074BC50001EAB2B /* CityGuide.storyboard */; };
		883B09A72074BC50001EAB2B /* City.swift in Sources */ = {isa = PBXBuildFile; fileRef = 883B09A22074BC50001EAB2B /* City.swift */; };
		883B09A82074BC50001EAB2B /* CityViewController.swift in Sources */ = {isa = PBXBuildFile; fileRef = 883B09A32074BC50001EAB2B /* CityViewController.swift */; };
		883B09A92074BC50001EAB2B /* CityGuideCell.swift in Sources */ = {isa = PBXBuildFile; fileRef = 883B09A42074BC50001EAB2B /* CityGuideCell.swift */; };
		883B09AA2074BC50001EAB2B /* CityGuideViewController.swift in Sources */ = {isa = PBXBuildFile; fileRef = 883B09A52074BC50001EAB2B /* CityGuideViewController.swift */; };
		88566BB12059481700C9141D /* AccountTableViewController.swift in Sources */ = {isa = PBXBuildFile; fileRef = 88566BB02059481700C9141D /* AccountTableViewController.swift */; };
		885B2D162065492800DFFACD /* RecordTableViewController.swift in Sources */ = {isa = PBXBuildFile; fileRef = 885B2D152065492800DFFACD /* RecordTableViewController.swift */; };
		885B2D1A206549B600DFFACD /* AboutViewController.swift in Sources */ = {isa = PBXBuildFile; fileRef = 885B2D19206549B600DFFACD /* AboutViewController.swift */; };
		885B2D1C206549CF00DFFACD /* ClubViewController.swift in Sources */ = {isa = PBXBuildFile; fileRef = 885B2D1B206549CF00DFFACD /* ClubViewController.swift */; };
		885B2D1E2065586300DFFACD /* SettingViewController.swift in Sources */ = {isa = PBXBuildFile; fileRef = 885B2D1D2065586300DFFACD /* SettingViewController.swift */; };
		885D2CEE203FFB290095D581 /* AppDelegate.swift in Sources */ = {isa = PBXBuildFile; fileRef = 885D2CED203FFB290095D581 /* AppDelegate.swift */; };
		885D2CF3203FFB290095D581 /* Main.storyboard in Resources */ = {isa = PBXBuildFile; fileRef = 885D2CF1203FFB290095D581 /* Main.storyboard */; };
		885D2CF5203FFB290095D581 /* Assets.xcassets in Resources */ = {isa = PBXBuildFile; fileRef = 885D2CF4203FFB290095D581 /* Assets.xcassets */; };
		888A263520628C7400C45ED4 /* Conversation.swift in Sources */ = {isa = PBXBuildFile; fileRef = 888A263320628C7400C45ED4 /* Conversation.swift */; };
		888A263620628C7400C45ED4 /* Message.swift in Sources */ = {isa = PBXBuildFile; fileRef = 888A263420628C7400C45ED4 /* Message.swift */; };
		888A263820628D1300C45ED4 /* VCCells.swift in Sources */ = {isa = PBXBuildFile; fileRef = 888A263720628D1300C45ED4 /* VCCells.swift */; };
		888A263C20628EB000C45ED4 /* ChatVC.swift in Sources */ = {isa = PBXBuildFile; fileRef = 888A263920628EB000C45ED4 /* ChatVC.swift */; };
		888A263D20628EB000C45ED4 /* ConversationsVC.swift in Sources */ = {isa = PBXBuildFile; fileRef = 888A263A20628EB000C45ED4 /* ConversationsVC.swift */; };
		888A263E20628EB000C45ED4 /* NavVC.swift in Sources */ = {isa = PBXBuildFile; fileRef = 888A263B20628EB000C45ED4 /* NavVC.swift */; };
		88AE23642060AF510051DBC5 /* AddLotViewController.swift in Sources */ = {isa = PBXBuildFile; fileRef = 88AE23632060AF510051DBC5 /* AddLotViewController.swift */; };
		88CCD474206E454100C86F8A /* RecordTableViewCell.swift in Sources */ = {isa = PBXBuildFile; fileRef = 88CCD473206E454100C86F8A /* RecordTableViewCell.swift */; };
		88D34B45208ECC8F00E30A2E /* ScanViewController.swift in Sources */ = {isa = PBXBuildFile; fileRef = 88D34B44208ECC8F00E30A2E /* ScanViewController.swift */; };
		88D814532063A44000B4C53D /* TabBarViewController.swift in Sources */ = {isa = PBXBuildFile; fileRef = 88D814522063A44000B4C53D /* TabBarViewController.swift */; };
		88E829E1205E9C9E00DC4CE7 /* GoogleService-Info.plist in Resources */ = {isa = PBXBuildFile; fileRef = 88E829E0205E9C9D00DC4CE7 /* GoogleService-Info.plist */; };
		88EDCD3820567309006E6119 /* MapViewController.swift in Sources */ = {isa = PBXBuildFile; fileRef = 88EDCD3720567309006E6119 /* MapViewController.swift */; };
		88F7CE2520611CB800FD7067 /* SearchLotTableViewCell.swift in Sources */ = {isa = PBXBuildFile; fileRef = 88F7CE2420611CB800FD7067 /* SearchLotTableViewCell.swift */; };
/* End PBXBuildFile section */

/* Begin PBXFileReference section */
		3A51C939DBCACB710F5F9FE6 /* Pods-Park!.release.xcconfig */ = {isa = PBXFileReference; includeInIndex = 1; lastKnownFileType = text.xcconfig; name = "Pods-Park!.release.xcconfig"; path = "Pods/Target Support Files/Pods-Park!/Pods-Park!.release.xcconfig"; sourceTree = "<group>"; };
		48DB69C426D4E2C9A3D88CB9 /* Pods-Park!.debug.xcconfig */ = {isa = PBXFileReference; includeInIndex = 1; lastKnownFileType = text.xcconfig; name = "Pods-Park!.debug.xcconfig"; path = "Pods/Target Support Files/Pods-Park!/Pods-Park!.debug.xcconfig"; sourceTree = "<group>"; };
		6D5F5E147AF90C65D6DC222D /* Pods_Park_.framework */ = {isa = PBXFileReference; explicitFileType = wrapper.framework; includeInIndex = 0; path = Pods_Park_.framework; sourceTree = BUILT_PRODUCTS_DIR; };
		8816DEE9205AB0DA00CC8219 /* ParkingSpace.swift */ = {isa = PBXFileReference; lastKnownFileType = sourcecode.swift; path = ParkingSpace.swift; sourceTree = "<group>"; };
		8816DEEB205ABF6600CC8219 /* ParkingLot.swift */ = {isa = PBXFileReference; lastKnownFileType = sourcecode.swift; path = ParkingLot.swift; sourceTree = "<group>"; };
		8816DEED205ABF7200CC8219 /* Orders.swift */ = {isa = PBXFileReference; lastKnownFileType = sourcecode.swift; path = Orders.swift; sourceTree = "<group>"; };
		88180E992062592E00A64A83 /* HomePageViewController.swift */ = {isa = PBXFileReference; lastKnownFileType = sourcecode.swift; path = HomePageViewController.swift; sourceTree = "<group>"; };
		881F91CB20722A7200DA0727 /* OrderDetailViewController.swift */ = {isa = PBXFileReference; lastKnownFileType = sourcecode.swift; path = OrderDetailViewController.swift; sourceTree = "<group>"; };
		881F91CE20722D7400DA0727 /* QRCodeReader.swift */ = {isa = PBXFileReference; fileEncoding = 4; lastKnownFileType = sourcecode.swift; path = QRCodeReader.swift; sourceTree = "<group>"; };
		881F91CF20722D7400DA0727 /* QRCodeReaderView.xib */ = {isa = PBXFileReference; fileEncoding = 4; lastKnownFileType = file.xib; path = QRCodeReaderView.xib; sourceTree = "<group>"; };
		881F91D020722D7400DA0727 /* QRCodeReader.xcassets */ = {isa = PBXFileReference; lastKnownFileType = folder.assetcatalog; path = QRCodeReader.xcassets; sourceTree = "<group>"; };
		881F91D120722D7400DA0727 /* QRCodeReaderView.swift */ = {isa = PBXFileReference; fileEncoding = 4; lastKnownFileType = sourcecode.swift; path = QRCodeReaderView.swift; sourceTree = "<group>"; };
		881F91D220722D7400DA0727 /* QRCodeViewController.swift */ = {isa = PBXFileReference; fileEncoding = 4; lastKnownFileType = sourcecode.swift; path = QRCodeViewController.swift; sourceTree = "<group>"; };
		8834B83E2057708600D22E31 /* LoginViewController.swift */ = {isa = PBXFileReference; lastKnownFileType = sourcecode.swift; path = LoginViewController.swift; sourceTree = "<group>"; };
		8834B8402057709400D22E31 /* WelcomeViewController.swift */ = {isa = PBXFileReference; lastKnownFileType = sourcecode.swift; path = WelcomeViewController.swift; sourceTree = "<group>"; };
		8834B8422057713700D22E31 /* LandingViewController.swift */ = {isa = PBXFileReference; lastKnownFileType = sourcecode.swift; path = LandingViewController.swift; sourceTree = "<group>"; };
		8834B8442057756D00D22E31 /* Helper Files.swift */ = {isa = PBXFileReference; lastKnownFileType = sourcecode.swift; path = "Helper Files.swift"; sourceTree = "<group>"; };
		8834B847205778EA00D22E31 /* Users.swift */ = {isa = PBXFileReference; lastKnownFileType = sourcecode.swift; path = Users.swift; sourceTree = "<group>"; };
		8834B84D20581DDE00D22E31 /* ParkTableViewController.swift */ = {isa = PBXFileReference; lastKnownFileType = sourcecode.swift; path = ParkTableViewController.swift; sourceTree = "<group>"; };
		8834B852205A4AF500D22E31 /* AccountTableViewCell.swift */ = {isa = PBXFileReference; lastKnownFileType = sourcecode.swift; path = AccountTableViewCell.swift; sourceTree = "<group>"; };
		8834B854205A58EB00D22E31 /* AccountInfoViewController.swift */ = {isa = PBXFileReference; lastKnownFileType = sourcecode.swift; path = AccountInfoViewController.swift; sourceTree = "<group>"; };
		8834B856205B931A00D22E31 /* AddParkSpaceViewController.swift */ = {isa = PBXFileReference; lastKnownFileType = sourcecode.swift; path = AddParkSpaceViewController.swift; sourceTree = "<group>"; };
		8834B858205BB0BB00D22E31 /* HomePageTableViewCell.swift */ = {isa = PBXFileReference; lastKnownFileType = sourcecode.swift; path = HomePageTableViewCell.swift; sourceTree = "<group>"; };
		8834B85A205BB4FD00D22E31 /* HomeTableViewCell.swift */ = {isa = PBXFileReference; fileEncoding = 4; lastKnownFileType = sourcecode.swift; path = HomeTableViewCell.swift; sourceTree = "<group>"; };
		883B099C2074B740001EAB2B /* AppleProductViewController.swift */ = {isa = PBXFileReference; fileEncoding = 4; lastKnownFileType = sourcecode.swift; path = AppleProductViewController.swift; sourceTree = "<group>"; };
		883B099D2074B740001EAB2B /* AppleHomePage.storyboard */ = {isa = PBXFileReference; fileEncoding = 4; lastKnownFileType = file.storyboard; path = AppleHomePage.storyboard; sourceTree = "<group>"; };
		883B09A12074BC50001EAB2B /* CityGuide.storyboard */ = {isa = PBXFileReference; fileEncoding = 4; lastKnownFileType = file.storyboard; path = CityGuide.storyboard; sourceTree = "<group>"; };
		883B09A22074BC50001EAB2B /* City.swift */ = {isa = PBXFileReference; fileEncoding = 4; lastKnownFileType = sourcecode.swift; path = City.swift; sourceTree = "<group>"; };
		883B09A32074BC50001EAB2B /* CityViewController.swift */ = {isa = PBXFileReference; fileEncoding = 4; lastKnownFileType = sourcecode.swift; path = CityViewController.swift; sourceTree = "<group>"; };
		883B09A42074BC50001EAB2B /* CityGuideCell.swift */ = {isa = PBXFileReference; fileEncoding = 4; lastKnownFileType = sourcecode.swift; path = CityGuideCell.swift; sourceTree = "<group>"; };
		883B09A52074BC50001EAB2B /* CityGuideViewController.swift */ = {isa = PBXFileReference; fileEncoding = 4; lastKnownFileType = sourcecode.swift; path = CityGuideViewController.swift; sourceTree = "<group>"; };
		88566BB02059481700C9141D /* AccountTableViewController.swift */ = {isa = PBXFileReference; lastKnownFileType = sourcecode.swift; path = AccountTableViewController.swift; sourceTree = "<group>"; };
		885B2D152065492800DFFACD /* RecordTableViewController.swift */ = {isa = PBXFileReference; lastKnownFileType = sourcecode.swift; path = RecordTableViewController.swift; sourceTree = "<group>"; };
		885B2D19206549B600DFFACD /* AboutViewController.swift */ = {isa = PBXFileReference; lastKnownFileType = sourcecode.swift; path = AboutViewController.swift; sourceTree = "<group>"; };
		885B2D1B206549CF00DFFACD /* ClubViewController.swift */ = {isa = PBXFileReference; lastKnownFileType = sourcecode.swift; path = ClubViewController.swift; sourceTree = "<group>"; };
		885B2D1D2065586300DFFACD /* SettingViewController.swift */ = {isa = PBXFileReference; lastKnownFileType = sourcecode.swift; path = SettingViewController.swift; sourceTree = "<group>"; };
		885D2CEA203FFB290095D581 /* Park!.app */ = {isa = PBXFileReference; explicitFileType = wrapper.application; includeInIndex = 0; path = "Park!.app"; sourceTree = BUILT_PRODUCTS_DIR; };
		885D2CED203FFB290095D581 /* AppDelegate.swift */ = {isa = PBXFileReference; lastKnownFileType = sourcecode.swift; path = AppDelegate.swift; sourceTree = "<group>"; };
		885D2CF2203FFB290095D581 /* Base */ = {isa = PBXFileReference; lastKnownFileType = file.storyboard; name = Base; path = Base.lproj/Main.storyboard; sourceTree = "<group>"; };
		885D2CF4203FFB290095D581 /* Assets.xcassets */ = {isa = PBXFileReference; lastKnownFileType = folder.assetcatalog; path = Assets.xcassets; sourceTree = "<group>"; };
		885D2CF9203FFB290095D581 /* Info.plist */ = {isa = PBXFileReference; lastKnownFileType = text.plist.xml; path = Info.plist; sourceTree = "<group>"; };
		888A263320628C7400C45ED4 /* Conversation.swift */ = {isa = PBXFileReference; fileEncoding = 4; lastKnownFileType = sourcecode.swift; path = Conversation.swift; sourceTree = "<group>"; };
		888A263420628C7400C45ED4 /* Message.swift */ = {isa = PBXFileReference; fileEncoding = 4; lastKnownFileType = sourcecode.swift; path = Message.swift; sourceTree = "<group>"; };
		888A263720628D1300C45ED4 /* VCCells.swift */ = {isa = PBXFileReference; fileEncoding = 4; lastKnownFileType = sourcecode.swift; path = VCCells.swift; sourceTree = "<group>"; };
		888A263920628EB000C45ED4 /* ChatVC.swift */ = {isa = PBXFileReference; fileEncoding = 4; lastKnownFileType = sourcecode.swift; path = ChatVC.swift; sourceTree = "<group>"; };
		888A263A20628EB000C45ED4 /* ConversationsVC.swift */ = {isa = PBXFileReference; fileEncoding = 4; lastKnownFileType = sourcecode.swift; path = ConversationsVC.swift; sourceTree = "<group>"; };
		888A263B20628EB000C45ED4 /* NavVC.swift */ = {isa = PBXFileReference; fileEncoding = 4; lastKnownFileType = sourcecode.swift; path = NavVC.swift; sourceTree = "<group>"; };
		88AE23632060AF510051DBC5 /* AddLotViewController.swift */ = {isa = PBXFileReference; lastKnownFileType = sourcecode.swift; path = AddLotViewController.swift; sourceTree = "<group>"; };
		88CCD473206E454100C86F8A /* RecordTableViewCell.swift */ = {isa = PBXFileReference; lastKnownFileType = sourcecode.swift; path = RecordTableViewCell.swift; sourceTree = "<group>"; };
		88D34B44208ECC8F00E30A2E /* ScanViewController.swift */ = {isa = PBXFileReference; lastKnownFileType = sourcecode.swift; path = ScanViewController.swift; sourceTree = "<group>"; };
		88D814522063A44000B4C53D /* TabBarViewController.swift */ = {isa = PBXFileReference; lastKnownFileType = sourcecode.swift; path = TabBarViewController.swift; sourceTree = "<group>"; };
		88E829E0205E9C9D00DC4CE7 /* GoogleService-Info.plist */ = {isa = PBXFileReference; fileEncoding = 4; lastKnownFileType = text.plist.xml; path = "GoogleService-Info.plist"; sourceTree = "<group>"; };
		88EDCD3720567309006E6119 /* MapViewController.swift */ = {isa = PBXFileReference; lastKnownFileType = sourcecode.swift; path = MapViewController.swift; sourceTree = "<group>"; };
		88EDCD3920567543006E6119 /* AMap-Bridge-Header.h */ = {isa = PBXFileReference; lastKnownFileType = sourcecode.c.h; path = "AMap-Bridge-Header.h"; sourceTree = "<group>"; };
		88F7CE2420611CB800FD7067 /* SearchLotTableViewCell.swift */ = {isa = PBXFileReference; lastKnownFileType = sourcecode.swift; path = SearchLotTableViewCell.swift; sourceTree = "<group>"; };
/* End PBXFileReference section */

/* Begin PBXFrameworksBuildPhase section */
		885D2CE7203FFB290095D581 /* Frameworks */ = {
			isa = PBXFrameworksBuildPhase;
			buildActionMask = 2147483647;
			files = (
				34EDB16B0B81F193615E7AFF /* Pods_Park_.framework in Frameworks */,
			);
			runOnlyForDeploymentPostprocessing = 0;
		};
/* End PBXFrameworksBuildPhase section */

/* Begin PBXGroup section */
		02B634DBFBF49723D1B2AD2D /* Frameworks */ = {
			isa = PBXGroup;
			children = (
				6D5F5E147AF90C65D6DC222D /* Pods_Park_.framework */,
			);
			name = Frameworks;
			sourceTree = "<group>";
		};
		881F91CD20722D7400DA0727 /* QRCodeReader */ = {
			isa = PBXGroup;
			children = (
				881F91CE20722D7400DA0727 /* QRCodeReader.swift */,
				881F91CF20722D7400DA0727 /* QRCodeReaderView.xib */,
				881F91D020722D7400DA0727 /* QRCodeReader.xcassets */,
				881F91D120722D7400DA0727 /* QRCodeReaderView.swift */,
				881F91D220722D7400DA0727 /* QRCodeViewController.swift */,
			);
			path = QRCodeReader;
			sourceTree = "<group>";
		};
		8834B83C20576F8500D22E31 /* Views */ = {
			isa = PBXGroup;
			children = (
				888A263720628D1300C45ED4 /* VCCells.swift */,
				8834B852205A4AF500D22E31 /* AccountTableViewCell.swift */,
				8834B85A205BB4FD00D22E31 /* HomeTableViewCell.swift */,
				8834B858205BB0BB00D22E31 /* HomePageTableViewCell.swift */,
				88F7CE2420611CB800FD7067 /* SearchLotTableViewCell.swift */,
				88CCD473206E454100C86F8A /* RecordTableViewCell.swift */,
			);
			path = Views;
			sourceTree = "<group>";
		};
		8834B83D20576F9300D22E31 /* Helpers */ = {
			isa = PBXGroup;
			children = (
				881F91CD20722D7400DA0727 /* QRCodeReader */,
				88EDCD3920567543006E6119 /* AMap-Bridge-Header.h */,
				8834B8442057756D00D22E31 /* Helper Files.swift */,
			);
			path = Helpers;
			sourceTree = "<group>";
		};
		8834B846205778C600D22E31 /* Models */ = {
			isa = PBXGroup;
			children = (
				888A263320628C7400C45ED4 /* Conversation.swift */,
				888A263420628C7400C45ED4 /* Message.swift */,
				8834B847205778EA00D22E31 /* Users.swift */,
				8816DEE9205AB0DA00CC8219 /* ParkingSpace.swift */,
				8816DEEB205ABF6600CC8219 /* ParkingLot.swift */,
				8816DEED205ABF7200CC8219 /* Orders.swift */,
			);
			path = Models;
			sourceTree = "<group>";
		};
		883B09952074AC6A001EAB2B /* Chat */ = {
			isa = PBXGroup;
			children = (
				888A263920628EB000C45ED4 /* ChatVC.swift */,
				888A263A20628EB000C45ED4 /* ConversationsVC.swift */,
				888A263B20628EB000C45ED4 /* NavVC.swift */,
			);
			path = Chat;
			sourceTree = "<group>";
		};
		883B09962074AC81001EAB2B /* Login */ = {
			isa = PBXGroup;
			children = (
				8834B83E2057708600D22E31 /* LoginViewController.swift */,
				8834B8402057709400D22E31 /* WelcomeViewController.swift */,
				8834B8422057713700D22E31 /* LandingViewController.swift */,
			);
			path = Login;
			sourceTree = "<group>";
		};
		883B09972074AC9E001EAB2B /* Park */ = {
			isa = PBXGroup;
			children = (
				8834B84D20581DDE00D22E31 /* ParkTableViewController.swift */,
				8834B856205B931A00D22E31 /* AddParkSpaceViewController.swift */,
				88AE23632060AF510051DBC5 /* AddLotViewController.swift */,
			);
			path = Park;
			sourceTree = "<group>";
		};
		883B09982074ACB3001EAB2B /* Account */ = {
			isa = PBXGroup;
			children = (
				88566BB02059481700C9141D /* AccountTableViewController.swift */,
				8834B854205A58EB00D22E31 /* AccountInfoViewController.swift */,
				885B2D19206549B600DFFACD /* AboutViewController.swift */,
				885B2D1B206549CF00DFFACD /* ClubViewController.swift */,
				885B2D1D2065586300DFFACD /* SettingViewController.swift */,
				885B2D152065492800DFFACD /* RecordTableViewController.swift */,
				881F91CB20722A7200DA0727 /* OrderDetailViewController.swift */,
			);
			path = Account;
			sourceTree = "<group>";
		};
		883B09992074ACBF001EAB2B /* Map */ = {
			isa = PBXGroup;
			children = (
				88EDCD3720567309006E6119 /* MapViewController.swift */,
			);
			path = Map;
			sourceTree = "<group>";
		};
		883B099A2074ACC6001EAB2B /* Home */ = {
			isa = PBXGroup;
			children = (
				883B09A02074BC50001EAB2B /* CityGuide */,
				88180E992062592E00A64A83 /* HomePageViewController.swift */,
				88D814522063A44000B4C53D /* TabBarViewController.swift */,
				88D34B44208ECC8F00E30A2E /* ScanViewController.swift */,
			);
			path = Home;
			sourceTree = "<group>";
		};
		883B099B2074B740001EAB2B /* AppleHomePage */ = {
			isa = PBXGroup;
			children = (
				883B099C2074B740001EAB2B /* AppleProductViewController.swift */,
				883B099D2074B740001EAB2B /* AppleHomePage.storyboard */,
			);
			path = AppleHomePage;
			sourceTree = "<group>";
		};
		883B09A02074BC50001EAB2B /* CityGuide */ = {
			isa = PBXGroup;
			children = (
				883B09A12074BC50001EAB2B /* CityGuide.storyboard */,
				883B09A22074BC50001EAB2B /* City.swift */,
				883B09A32074BC50001EAB2B /* CityViewController.swift */,
				883B09A42074BC50001EAB2B /* CityGuideCell.swift */,
				883B09A52074BC50001EAB2B /* CityGuideViewController.swift */,
			);
			path = CityGuide;
			sourceTree = "<group>";
		};
		885D2CE1203FFB290095D581 = {
			isa = PBXGroup;
			children = (
				885D2CEC203FFB290095D581 /* Park! */,
				885D2CEB203FFB290095D581 /* Products */,
				C6EE28D3E0BB6A293DA3B4F4 /* Pods */,
				02B634DBFBF49723D1B2AD2D /* Frameworks */,
			);
			sourceTree = "<group>";
		};
		885D2CEB203FFB290095D581 /* Products */ = {
			isa = PBXGroup;
			children = (
				885D2CEA203FFB290095D581 /* Park!.app */,
			);
			name = Products;
			sourceTree = "<group>";
		};
		885D2CEC203FFB290095D581 /* Park! */ = {
			isa = PBXGroup;
			children = (
				88E829E0205E9C9D00DC4CE7 /* GoogleService-Info.plist */,
				885D2CF1203FFB290095D581 /* Main.storyboard */,
				885D2CED203FFB290095D581 /* AppDelegate.swift */,
				88EDCD312056718E006E6119 /* Controllers */,
				8834B846205778C600D22E31 /* Models */,
				8834B83C20576F8500D22E31 /* Views */,
				8834B83D20576F9300D22E31 /* Helpers */,
				885D2D03203FFE280095D581 /* Supporting Files */,
			);
			path = "Park!";
			sourceTree = "<group>";
		};
		885D2D03203FFE280095D581 /* Supporting Files */ = {
			isa = PBXGroup;
			children = (
				885D2CF4203FFB290095D581 /* Assets.xcassets */,
				885D2CF9203FFB290095D581 /* Info.plist */,
			);
			path = "Supporting Files";
			sourceTree = "<group>";
		};
		88EDCD312056718E006E6119 /* Controllers */ = {
			isa = PBXGroup;
			children = (
				883B099B2074B740001EAB2B /* AppleHomePage */,
				883B09952074AC6A001EAB2B /* Chat */,
				883B09992074ACBF001EAB2B /* Map */,
				883B09962074AC81001EAB2B /* Login */,
				883B09972074AC9E001EAB2B /* Park */,
				883B09982074ACB3001EAB2B /* Account */,
				883B099A2074ACC6001EAB2B /* Home */,
			);
			path = Controllers;
			sourceTree = "<group>";
		};
		C6EE28D3E0BB6A293DA3B4F4 /* Pods */ = {
			isa = PBXGroup;
			children = (
				48DB69C426D4E2C9A3D88CB9 /* Pods-Park!.debug.xcconfig */,
				3A51C939DBCACB710F5F9FE6 /* Pods-Park!.release.xcconfig */,
			);
			name = Pods;
			sourceTree = "<group>";
		};
/* End PBXGroup section */

/* Begin PBXNativeTarget section */
		885D2CE9203FFB290095D581 /* Park! */ = {
			isa = PBXNativeTarget;
			buildConfigurationList = 885D2CFC203FFB290095D581 /* Build configuration list for PBXNativeTarget "Park!" */;
			buildPhases = (
				A85BCDACBFD16127C572EC41 /* [CP] Check Pods Manifest.lock */,
				885D2CE6203FFB290095D581 /* Sources */,
				885D2CE7203FFB290095D581 /* Frameworks */,
				885D2CE8203FFB290095D581 /* Resources */,
				57CD5509CD2374B3E5223390 /* [CP] Embed Pods Frameworks */,
				4A52070F468D12481AA20A42 /* [CP] Copy Pods Resources */,
			);
			buildRules = (
			);
			dependencies = (
			);
			name = "Park!";
			productName = "Park!";
			productReference = 885D2CEA203FFB290095D581 /* Park!.app */;
			productType = "com.apple.product-type.application";
		};
/* End PBXNativeTarget section */

/* Begin PBXProject section */
		885D2CE2203FFB290095D581 /* Project object */ = {
			isa = PBXProject;
			attributes = {
				LastSwiftUpdateCheck = 0920;
				LastUpgradeCheck = 0930;
				ORGANIZATIONNAME = Blaer;
				TargetAttributes = {
					885D2CE9203FFB290095D581 = {
						CreatedOnToolsVersion = 9.2;
						ProvisioningStyle = Automatic;
					};
				};
			};
			buildConfigurationList = 885D2CE5203FFB290095D581 /* Build configuration list for PBXProject "Park!" */;
			compatibilityVersion = "Xcode 8.0";
			developmentRegion = en;
			hasScannedForEncodings = 0;
			knownRegions = (
				en,
				Base,
			);
			mainGroup = 885D2CE1203FFB290095D581;
			productRefGroup = 885D2CEB203FFB290095D581 /* Products */;
			projectDirPath = "";
			projectRoot = "";
			targets = (
				885D2CE9203FFB290095D581 /* Park! */,
			);
		};
/* End PBXProject section */

/* Begin PBXResourcesBuildPhase section */
		885D2CE8203FFB290095D581 /* Resources */ = {
			isa = PBXResourcesBuildPhase;
			buildActionMask = 2147483647;
			files = (
				88E829E1205E9C9E00DC4CE7 /* GoogleService-Info.plist in Resources */,
				883B09A62074BC50001EAB2B /* CityGuide.storyboard in Resources */,
				881F91D420722D7500DA0727 /* QRCodeReaderView.xib in Resources */,
				885D2CF5203FFB290095D581 /* Assets.xcassets in Resources */,
				881F91D520722D7500DA0727 /* QRCodeReader.xcassets in Resources */,
				885D2CF3203FFB290095D581 /* Main.storyboard in Resources */,
				883B099F2074B740001EAB2B /* AppleHomePage.storyboard in Resources */,
			);
			runOnlyForDeploymentPostprocessing = 0;
		};
/* End PBXResourcesBuildPhase section */

/* Begin PBXShellScriptBuildPhase section */
		4A52070F468D12481AA20A42 /* [CP] Copy Pods Resources */ = {
			isa = PBXShellScriptBuildPhase;
			buildActionMask = 2147483647;
			files = (
			);
			inputPaths = (
				"${SRCROOT}/Pods/Target Support Files/Pods-Park!/Pods-Park!-resources.sh",
				"${PODS_ROOT}/AMap2DMap/MAMapKit.framework/AMap.bundle",
			);
			name = "[CP] Copy Pods Resources";
			outputPaths = (
				"${TARGET_BUILD_DIR}/${UNLOCALIZED_RESOURCES_FOLDER_PATH}/AMap.bundle",
			);
			runOnlyForDeploymentPostprocessing = 0;
			shellPath = /bin/sh;
			shellScript = "\"${SRCROOT}/Pods/Target Support Files/Pods-Park!/Pods-Park!-resources.sh\"\n";
			showEnvVarsInLog = 0;
		};
		57CD5509CD2374B3E5223390 /* [CP] Embed Pods Frameworks */ = {
			isa = PBXShellScriptBuildPhase;
			buildActionMask = 2147483647;
			files = (
			);
			inputPaths = (
				"${SRCROOT}/Pods/Target Support Files/Pods-Park!/Pods-Park!-frameworks.sh",
				"${BUILT_PRODUCTS_DIR}/ChameleonFramework/ChameleonFramework.framework",
				"${BUILT_PRODUCTS_DIR}/DropDown/DropDown.framework",
				"${BUILT_PRODUCTS_DIR}/FoldingCell/FoldingCell.framework",
				"${BUILT_PRODUCTS_DIR}/GTMSessionFetcher/GTMSessionFetcher.framework",
				"${BUILT_PRODUCTS_DIR}/GoogleToolboxForMac/GoogleToolboxForMac.framework",
				"${BUILT_PRODUCTS_DIR}/Hero/Hero.framework",
				"${BUILT_PRODUCTS_DIR}/MJRefresh/MJRefresh.framework",
				"${BUILT_PRODUCTS_DIR}/RAMAnimatedTabBarController/RAMAnimatedTabBarController.framework",
				"${BUILT_PRODUCTS_DIR}/SVProgressHUD/SVProgressHUD.framework",
				"${BUILT_PRODUCTS_DIR}/SnapKit/SnapKit.framework",
				"${BUILT_PRODUCTS_DIR}/leveldb-library/leveldb.framework",
				"${BUILT_PRODUCTS_DIR}/nanopb/nanopb.framework",
			);
			name = "[CP] Embed Pods Frameworks";
			outputPaths = (
				"${TARGET_BUILD_DIR}/${FRAMEWORKS_FOLDER_PATH}/ChameleonFramework.framework",
				"${TARGET_BUILD_DIR}/${FRAMEWORKS_FOLDER_PATH}/DropDown.framework",
				"${TARGET_BUILD_DIR}/${FRAMEWORKS_FOLDER_PATH}/FoldingCell.framework",
				"${TARGET_BUILD_DIR}/${FRAMEWORKS_FOLDER_PATH}/GTMSessionFetcher.framework",
				"${TARGET_BUILD_DIR}/${FRAMEWORKS_FOLDER_PATH}/GoogleToolboxForMac.framework",
				"${TARGET_BUILD_DIR}/${FRAMEWORKS_FOLDER_PATH}/Hero.framework",
				"${TARGET_BUILD_DIR}/${FRAMEWORKS_FOLDER_PATH}/MJRefresh.framework",
				"${TARGET_BUILD_DIR}/${FRAMEWORKS_FOLDER_PATH}/RAMAnimatedTabBarController.framework",
				"${TARGET_BUILD_DIR}/${FRAMEWORKS_FOLDER_PATH}/SVProgressHUD.framework",
				"${TARGET_BUILD_DIR}/${FRAMEWORKS_FOLDER_PATH}/SnapKit.framework",
				"${TARGET_BUILD_DIR}/${FRAMEWORKS_FOLDER_PATH}/leveldb.framework",
				"${TARGET_BUILD_DIR}/${FRAMEWORKS_FOLDER_PATH}/nanopb.framework",
			);
			runOnlyForDeploymentPostprocessing = 0;
			shellPath = /bin/sh;
			shellScript = "\"${SRCROOT}/Pods/Target Support Files/Pods-Park!/Pods-Park!-frameworks.sh\"\n";
			showEnvVarsInLog = 0;
		};
		A85BCDACBFD16127C572EC41 /* [CP] Check Pods Manifest.lock */ = {
			isa = PBXShellScriptBuildPhase;
			buildActionMask = 2147483647;
			files = (
			);
			inputPaths = (
				"${PODS_PODFILE_DIR_PATH}/Podfile.lock",
				"${PODS_ROOT}/Manifest.lock",
			);
			name = "[CP] Check Pods Manifest.lock";
			outputPaths = (
				"$(DERIVED_FILE_DIR)/Pods-Park!-checkManifestLockResult.txt",
			);
			runOnlyForDeploymentPostprocessing = 0;
			shellPath = /bin/sh;
			shellScript = "diff \"${PODS_PODFILE_DIR_PATH}/Podfile.lock\" \"${PODS_ROOT}/Manifest.lock\" > /dev/null\nif [ $? != 0 ] ; then\n    # print error to STDERR\n    echo \"error: The sandbox is not in sync with the Podfile.lock. Run 'pod install' or update your CocoaPods installation.\" >&2\n    exit 1\nfi\n# This output is used by Xcode 'outputs' to avoid re-running this script phase.\necho \"SUCCESS\" > \"${SCRIPT_OUTPUT_FILE_0}\"\n";
			showEnvVarsInLog = 0;
		};
/* End PBXShellScriptBuildPhase section */

/* Begin PBXSourcesBuildPhase section */
		885D2CE6203FFB290095D581 /* Sources */ = {
			isa = PBXSourcesBuildPhase;
			buildActionMask = 2147483647;
			files = (
				8834B83F2057708600D22E31 /* LoginViewController.swift in Sources */,
				8834B859205BB0BB00D22E31 /* HomePageTableViewCell.swift in Sources */,
				883B099E2074B740001EAB2B /* AppleProductViewController.swift in Sources */,
				881F91D320722D7400DA0727 /* QRCodeReader.swift in Sources */,
				8834B857205B931A00D22E31 /* AddParkSpaceViewController.swift in Sources */,
				881F91D620722D7500DA0727 /* QRCodeReaderView.swift in Sources */,
				888A263D20628EB000C45ED4 /* ConversationsVC.swift in Sources */,
				881F91D720722D7500DA0727 /* QRCodeViewController.swift in Sources */,
				88D814532063A44000B4C53D /* TabBarViewController.swift in Sources */,
				8816DEEA205AB0DA00CC8219 /* ParkingSpace.swift in Sources */,
				8834B8412057709400D22E31 /* WelcomeViewController.swift in Sources */,
				88566BB12059481700C9141D /* AccountTableViewController.swift in Sources */,
				8834B85B205BB4FD00D22E31 /* HomeTableViewCell.swift in Sources */,
				883B09A92074BC50001EAB2B /* CityGuideCell.swift in Sources */,
				8834B8452057756D00D22E31 /* Helper Files.swift in Sources */,
				883B09A82074BC50001EAB2B /* CityViewController.swift in Sources */,
				88180E9A2062592E00A64A83 /* HomePageViewController.swift in Sources */,
				888A263C20628EB000C45ED4 /* ChatVC.swift in Sources */,
				8834B855205A58EB00D22E31 /* AccountInfoViewController.swift in Sources */,
				8816DEEE205ABF7200CC8219 /* Orders.swift in Sources */,
				883B09AA2074BC50001EAB2B /* CityGuideViewController.swift in Sources */,
				88F7CE2520611CB800FD7067 /* SearchLotTableViewCell.swift in Sources */,
				881F91CC20722A7200DA0727 /* OrderDetailViewController.swift in Sources */,
				8834B84E20581DDE00D22E31 /* ParkTableViewController.swift in Sources */,
				88AE23642060AF510051DBC5 /* AddLotViewController.swift in Sources */,
				885B2D1A206549B600DFFACD /* AboutViewController.swift in Sources */,
				88EDCD3820567309006E6119 /* MapViewController.swift in Sources */,
				888A263E20628EB000C45ED4 /* NavVC.swift in Sources */,
				888A263520628C7400C45ED4 /* Conversation.swift in Sources */,
				888A263620628C7400C45ED4 /* Message.swift in Sources */,
				88CCD474206E454100C86F8A /* RecordTableViewCell.swift in Sources */,
				885B2D1C206549CF00DFFACD /* ClubViewController.swift in Sources */,
				8834B8432057713700D22E31 /* LandingViewController.swift in Sources */,
				88D34B45208ECC8F00E30A2E /* ScanViewController.swift in Sources */,
				8834B853205A4AF500D22E31 /* AccountTableViewCell.swift in Sources */,
				888A263820628D1300C45ED4 /* VCCells.swift in Sources */,
				885B2D1E2065586300DFFACD /* SettingViewController.swift in Sources */,
				885B2D162065492800DFFACD /* RecordTableViewController.swift in Sources */,
				8816DEEC205ABF6600CC8219 /* ParkingLot.swift in Sources */,
				885D2CEE203FFB290095D581 /* AppDelegate.swift in Sources */,
				883B09A72074BC50001EAB2B /* City.swift in Sources */,
				8834B848205778EA00D22E31 /* Users.swift in Sources */,
			);
			runOnlyForDeploymentPostprocessing = 0;
		};
/* End PBXSourcesBuildPhase section */

/* Begin PBXVariantGroup section */
		885D2CF1203FFB290095D581 /* Main.storyboard */ = {
			isa = PBXVariantGroup;
			children = (
				885D2CF2203FFB290095D581 /* Base */,
			);
			name = Main.storyboard;
			sourceTree = "<group>";
		};
/* End PBXVariantGroup section */

/* Begin XCBuildConfiguration section */
		885D2CFA203FFB290095D581 /* Debug */ = {
			isa = XCBuildConfiguration;
			buildSettings = {
				ALWAYS_SEARCH_USER_PATHS = NO;
				CLANG_ANALYZER_NONNULL = YES;
				CLANG_ANALYZER_NUMBER_OBJECT_CONVERSION = YES_AGGRESSIVE;
				CLANG_CXX_LANGUAGE_STANDARD = "gnu++14";
				CLANG_CXX_LIBRARY = "libc++";
				CLANG_ENABLE_MODULES = YES;
				CLANG_ENABLE_OBJC_ARC = YES;
				CLANG_WARN_BLOCK_CAPTURE_AUTORELEASING = YES;
				CLANG_WARN_BOOL_CONVERSION = YES;
				CLANG_WARN_COMMA = YES;
				CLANG_WARN_CONSTANT_CONVERSION = YES;
				CLANG_WARN_DEPRECATED_OBJC_IMPLEMENTATIONS = YES;
				CLANG_WARN_DIRECT_OBJC_ISA_USAGE = YES_ERROR;
				CLANG_WARN_DOCUMENTATION_COMMENTS = YES;
				CLANG_WARN_EMPTY_BODY = YES;
				CLANG_WARN_ENUM_CONVERSION = YES;
				CLANG_WARN_INFINITE_RECURSION = YES;
				CLANG_WARN_INT_CONVERSION = YES;
				CLANG_WARN_NON_LITERAL_NULL_CONVERSION = YES;
				CLANG_WARN_OBJC_IMPLICIT_RETAIN_SELF = YES;
				CLANG_WARN_OBJC_LITERAL_CONVERSION = YES;
				CLANG_WARN_OBJC_ROOT_CLASS = YES_ERROR;
				CLANG_WARN_RANGE_LOOP_ANALYSIS = YES;
				CLANG_WARN_STRICT_PROTOTYPES = YES;
				CLANG_WARN_SUSPICIOUS_MOVE = YES;
				CLANG_WARN_UNGUARDED_AVAILABILITY = YES_AGGRESSIVE;
				CLANG_WARN_UNREACHABLE_CODE = YES;
				CLANG_WARN__DUPLICATE_METHOD_MATCH = YES;
				CODE_SIGN_IDENTITY = "iPhone Developer";
				COPY_PHASE_STRIP = NO;
				DEBUG_INFORMATION_FORMAT = dwarf;
				ENABLE_STRICT_OBJC_MSGSEND = YES;
				ENABLE_TESTABILITY = YES;
				GCC_C_LANGUAGE_STANDARD = gnu11;
				GCC_DYNAMIC_NO_PIC = NO;
				GCC_NO_COMMON_BLOCKS = YES;
				GCC_OPTIMIZATION_LEVEL = 0;
				GCC_PREPROCESSOR_DEFINITIONS = (
					"DEBUG=1",
					"$(inherited)",
				);
				GCC_WARN_64_TO_32_BIT_CONVERSION = YES;
				GCC_WARN_ABOUT_RETURN_TYPE = YES_ERROR;
				GCC_WARN_UNDECLARED_SELECTOR = YES;
				GCC_WARN_UNINITIALIZED_AUTOS = YES_AGGRESSIVE;
				GCC_WARN_UNUSED_FUNCTION = YES;
				GCC_WARN_UNUSED_VARIABLE = YES;
				IPHONEOS_DEPLOYMENT_TARGET = 11.3;
				MTL_ENABLE_DEBUG_INFO = YES;
				ONLY_ACTIVE_ARCH = YES;
				SDKROOT = iphoneos;
				SWIFT_ACTIVE_COMPILATION_CONDITIONS = DEBUG;
				SWIFT_OPTIMIZATION_LEVEL = "-Onone";
			};
			name = Debug;
		};
		885D2CFB203FFB290095D581 /* Release */ = {
			isa = XCBuildConfiguration;
			buildSettings = {
				ALWAYS_SEARCH_USER_PATHS = NO;
				CLANG_ANALYZER_NONNULL = YES;
				CLANG_ANALYZER_NUMBER_OBJECT_CONVERSION = YES_AGGRESSIVE;
				CLANG_CXX_LANGUAGE_STANDARD = "gnu++14";
				CLANG_CXX_LIBRARY = "libc++";
				CLANG_ENABLE_MODULES = YES;
				CLANG_ENABLE_OBJC_ARC = YES;
				CLANG_WARN_BLOCK_CAPTURE_AUTORELEASING = YES;
				CLANG_WARN_BOOL_CONVERSION = YES;
				CLANG_WARN_COMMA = YES;
				CLANG_WARN_CONSTANT_CONVERSION = YES;
				CLANG_WARN_DEPRECATED_OBJC_IMPLEMENTATIONS = YES;
				CLANG_WARN_DIRECT_OBJC_ISA_USAGE = YES_ERROR;
				CLANG_WARN_DOCUMENTATION_COMMENTS = YES;
				CLANG_WARN_EMPTY_BODY = YES;
				CLANG_WARN_ENUM_CONVERSION = YES;
				CLANG_WARN_INFINITE_RECURSION = YES;
				CLANG_WARN_INT_CONVERSION = YES;
				CLANG_WARN_NON_LITERAL_NULL_CONVERSION = YES;
				CLANG_WARN_OBJC_IMPLICIT_RETAIN_SELF = YES;
				CLANG_WARN_OBJC_LITERAL_CONVERSION = YES;
				CLANG_WARN_OBJC_ROOT_CLASS = YES_ERROR;
				CLANG_WARN_RANGE_LOOP_ANALYSIS = YES;
				CLANG_WARN_STRICT_PROTOTYPES = YES;
				CLANG_WARN_SUSPICIOUS_MOVE = YES;
				CLANG_WARN_UNGUARDED_AVAILABILITY = YES_AGGRESSIVE;
				CLANG_WARN_UNREACHABLE_CODE = YES;
				CLANG_WARN__DUPLICATE_METHOD_MATCH = YES;
				CODE_SIGN_IDENTITY = "iPhone Developer";
				COPY_PHASE_STRIP = NO;
				DEBUG_INFORMATION_FORMAT = "dwarf-with-dsym";
				ENABLE_NS_ASSERTIONS = NO;
				ENABLE_STRICT_OBJC_MSGSEND = YES;
				GCC_C_LANGUAGE_STANDARD = gnu11;
				GCC_NO_COMMON_BLOCKS = YES;
				GCC_WARN_64_TO_32_BIT_CONVERSION = YES;
				GCC_WARN_ABOUT_RETURN_TYPE = YES_ERROR;
				GCC_WARN_UNDECLARED_SELECTOR = YES;
				GCC_WARN_UNINITIALIZED_AUTOS = YES_AGGRESSIVE;
				GCC_WARN_UNUSED_FUNCTION = YES;
				GCC_WARN_UNUSED_VARIABLE = YES;
				IPHONEOS_DEPLOYMENT_TARGET = 11.3;
				MTL_ENABLE_DEBUG_INFO = NO;
				SDKROOT = iphoneos;
				SWIFT_OPTIMIZATION_LEVEL = "-Owholemodule";
				VALIDATE_PRODUCT = YES;
			};
			name = Release;
		};
		885D2CFD203FFB290095D581 /* Debug */ = {
			isa = XCBuildConfiguration;
			baseConfigurationReference = 48DB69C426D4E2C9A3D88CB9 /* Pods-Park!.debug.xcconfig */;
			buildSettings = {
				ASSETCATALOG_COMPILER_APPICON_NAME = AppIcon;
				CODE_SIGN_IDENTITY = "iPhone Developer";
				"CODE_SIGN_IDENTITY[sdk=iphoneos*]" = "iPhone Developer";
				CODE_SIGN_STYLE = Automatic;
				DEVELOPMENT_TEAM = GH9HGGE8DT;
				INFOPLIST_FILE = "$(SRCROOT)/Park!/Supporting Files/Info.plist";
				IPHONEOS_DEPLOYMENT_TARGET = 11.0;
				LD_RUNPATH_SEARCH_PATHS = "$(inherited) @executable_path/Frameworks";
				PRODUCT_BUNDLE_IDENTIFIER = "com.cyrusblaer.Park-";
				PRODUCT_NAME = "$(TARGET_NAME)";
				PROVISIONING_PROFILE_SPECIFIER = "";
				SWIFT_OBJC_BRIDGING_HEADER = "Park!/Helpers/AMap-Bridge-Header.h";
				SWIFT_VERSION = 4.0;
				TARGETED_DEVICE_FAMILY = "1,2";
			};
			name = Debug;
		};
		885D2CFE203FFB290095D581 /* Release */ = {
			isa = XCBuildConfiguration;
			baseConfigurationReference = 3A51C939DBCACB710F5F9FE6 /* Pods-Park!.release.xcconfig */;
			buildSettings = {
				ASSETCATALOG_COMPILER_APPICON_NAME = AppIcon;
				CODE_SIGN_IDENTITY = "iPhone Developer";
				"CODE_SIGN_IDENTITY[sdk=iphoneos*]" = "iPhone Developer";
				CODE_SIGN_STYLE = Automatic;
				DEVELOPMENT_TEAM = GH9HGGE8DT;
				INFOPLIST_FILE = "$(SRCROOT)/Park!/Supporting Files/Info.plist";
				IPHONEOS_DEPLOYMENT_TARGET = 11.0;
				LD_RUNPATH_SEARCH_PATHS = "$(inherited) @executable_path/Frameworks";
				PRODUCT_BUNDLE_IDENTIFIER = "com.cyrusblaer.Park-";
				PRODUCT_NAME = "$(TARGET_NAME)";
				PROVISIONING_PROFILE_SPECIFIER = "";
				SWIFT_OBJC_BRIDGING_HEADER = "Park!/Helpers/AMap-Bridge-Header.h";
				SWIFT_VERSION = 4.0;
				TARGETED_DEVICE_FAMILY = "1,2";
			};
			name = Release;
		};
/* End XCBuildConfiguration section */

/* Begin XCConfigurationList section */
		885D2CE5203FFB290095D581 /* Build configuration list for PBXProject "Park!" */ = {
			isa = XCConfigurationList;
			buildConfigurations = (
				885D2CFA203FFB290095D581 /* Debug */,
				885D2CFB203FFB290095D581 /* Release */,
			);
			defaultConfigurationIsVisible = 0;
			defaultConfigurationName = Release;
		};
		885D2CFC203FFB290095D581 /* Build configuration list for PBXNativeTarget "Park!" */ = {
			isa = XCConfigurationList;
			buildConfigurations = (
				885D2CFD203FFB290095D581 /* Debug */,
				885D2CFE203FFB290095D581 /* Release */,
			);
			defaultConfigurationIsVisible = 0;
			defaultConfigurationName = Release;
		};
/* End XCConfigurationList section */
	};
	rootObject = 885D2CE2203FFB290095D581 /* Project object */;
}
